
Microsoft Visual Studio Solution File, Format Version 11.00
# Visual Studio 2010
Project("{FAE04EC0-301F-11D3-BF4B-00C04F79EFBC}") = "Windows_Form_Control", "Windows_Form_Control\Windows_Form_Control.csproj", "{B7D6B5C2-3F4C-4A58-9920-DFA7C2ECADE8}"
EndProject
Global
	GlobalSection(SolutionConfigurationPlatforms) = preSolution
		Debug|x86 = Debug|x86
		Release|x86 = Release|x86
	EndGlobalSection
	GlobalSection(ProjectConfigurationPlatforms) = postSolution
		{B7D6B5C2-3F4C-4A58-9920-DFA7C2ECADE8}.Debug|x86.ActiveCfg = Debug|x86
		{B7D6B5C2-3F4C-4A58-9920-DFA7C2ECADE8}.Debug|x86.Build.0 = Debug|x86
		{B7D6B5C2-3F4C-4A58-9920-DFA7C2ECADE8}.Release|x86.ActiveCfg = Release|x86
		{B7D6B5C2-3F4C-4A58-9920-DFA7C2ECADE8}.Release|x86.Build.0 = Release|x86
	EndGlobalSection
	GlobalSection(SolutionProperties) = preSolution
		HideSolutionNode = FALSE
	EndGlobalSection
EndGlobal
